
Microsoft Visual Studio Solution File, Format Version 12.00
# Visual Studio Version 16
VisualStudioVersion = 16.0.31729.503
MinimumVisualStudioVersion = 10.0.40219.1
Project("{9A19103F-16F7-4668-BE54-9A1E7A4F7556}") = "Lesson 7", "Lesson 7\Lesson 7.csproj", "{574ED313-2CD2-4C94-A670-FCDBD69BE323}"
EndProject
Project("{9A19103F-16F7-4668-BE54-9A1E7A4F7556}") = "Matrices Question", "Matrices Question\Matrices Question.csproj", "{891200BE-A159-4BB6-81E4-EFC3D3D11173}"
EndProject
Global
	GlobalSection(SolutionConfigurationPlatforms) = preSolution
		Debug|Any CPU = Debug|Any CPU
		Release|Any CPU = Release|Any CPU
	EndGlobalSection
	GlobalSection(ProjectConfigurationPlatforms) = postSolution
		{574ED313-2CD2-4C94-A670-FCDBD69BE323}.Debug|Any CPU.ActiveCfg = Debug|Any CPU
		{574ED313-2CD2-4C94-A670-FCDBD69BE323}.Debug|Any CPU.Build.0 = Debug|Any CPU
		{574ED313-2CD2-4C94-A670-FCDBD69BE323}.Release|Any CPU.ActiveCfg = Release|Any CPU
		{574ED313-2CD2-4C94-A670-FCDBD69BE323}.Release|Any CPU.Build.0 = Release|Any CPU
		{891200BE-A159-4BB6-81E4-EFC3D3D11173}.Debug|Any CPU.ActiveCfg = Debug|Any CPU
		{891200BE-A159-4BB6-81E4-EFC3D3D11173}.Debug|Any CPU.Build.0 = Debug|Any CPU
		{891200BE-A159-4BB6-81E4-EFC3D3D11173}.Release|Any CPU.ActiveCfg = Release|Any CPU
		{891200BE-A159-4BB6-81E4-EFC3D3D11173}.Release|Any CPU.Build.0 = Release|Any CPU
	EndGlobalSection
	GlobalSection(SolutionProperties) = preSolution
		HideSolutionNode = FALSE
	EndGlobalSection
	GlobalSection(ExtensibilityGlobals) = postSolution
		SolutionGuid = {90E7E998-972F-4329-B504-C8923615206A}
	EndGlobalSection
EndGlobal
